
Microsoft Visual Studio Solution File, Format Version 12.00
# Visual Studio Version 17
VisualStudioVersion = 17.6.33829.357
MinimumVisualStudioVersion = 10.0.40219.1
Project("{FAE04EC0-301F-11D3-BF4B-00C04F79EFBC}") = "web-24BM", "web-24BM\web-24BM.csproj", "{C0D66D63-CA1C-42C8-80F9-B1A04560270E}"
EndProject
Global
	GlobalSection(SolutionConfigurationPlatforms) = preSolution
		Debug|Any CPU = Debug|Any CPU
		Release|Any CPU = Release|Any CPU
	EndGlobalSection
	GlobalSection(ProjectConfigurationPlatforms) = postSolution
		{C0D66D63-CA1C-42C8-80F9-B1A04560270E}.Debug|Any CPU.ActiveCfg = Debug|Any CPU
		{C0D66D63-CA1C-42C8-80F9-B1A04560270E}.Debug|Any CPU.Build.0 = Debug|Any CPU
		{C0D66D63-CA1C-42C8-80F9-B1A04560270E}.Release|Any CPU.ActiveCfg = Release|Any CPU
		{C0D66D63-CA1C-42C8-80F9-B1A04560270E}.Release|Any CPU.Build.0 = Release|Any CPU
	EndGlobalSection
	GlobalSection(SolutionProperties) = preSolution
		HideSolutionNode = FALSE
	EndGlobalSection
	GlobalSection(ExtensibilityGlobals) = postSolution
		SolutionGuid = {21ADBD84-577E-4BBD-9CB4-CE697F645D54}
	EndGlobalSection
EndGlobal
